
Microsoft Visual Studio Solution File, Format Version 12.00
# Visual Studio Version 17
VisualStudioVersion = 17.0.31903.59
MinimumVisualStudioVersion = 10.0.40219.1
Project("{2150E333-8FDC-42A3-9474-1A3956D46DE8}") = "src", "src", "{87C558AB-77CC-4CCC-A35D-199F8B971194}"
EndProject
Project("{FAE04EC0-301F-11D3-BF4B-00C04F79EFBC}") = "ImageConverter", "src\ImageConverter\ImageConverter.csproj", "{357E57E2-D507-4F69-A54A-CD4CFBD36340}"
EndProject
Global
	GlobalSection(SolutionConfigurationPlatforms) = preSolution
		Debug|Any CPU = Debug|Any CPU
		Release|Any CPU = Release|Any CPU
	EndGlobalSection
	GlobalSection(SolutionProperties) = preSolution
		HideSolutionNode = FALSE
	EndGlobalSection
	GlobalSection(ProjectConfigurationPlatforms) = postSolution
		{357E57E2-D507-4F69-A54A-CD4CFBD36340}.Debug|Any CPU.ActiveCfg = Debug|Any CPU
		{357E57E2-D507-4F69-A54A-CD4CFBD36340}.Debug|Any CPU.Build.0 = Debug|Any CPU
		{357E57E2-D507-4F69-A54A-CD4CFBD36340}.Release|Any CPU.ActiveCfg = Release|Any CPU
		{357E57E2-D507-4F69-A54A-CD4CFBD36340}.Release|Any CPU.Build.0 = Release|Any CPU
	EndGlobalSection
	GlobalSection(NestedProjects) = preSolution
		{357E57E2-D507-4F69-A54A-CD4CFBD36340} = {87C558AB-77CC-4CCC-A35D-199F8B971194}
	EndGlobalSection
EndGlobal
